
Microsoft Visual Studio Solution File, Format Version 11.00
# Visual Studio 2010
Project("{8BC9CEB8-8B4A-11D0-8D11-00A0C91BC942}") = "OpenGLCSE386", "OpenGLCSE386\OpenGLCSE386.vcxproj", "{56771AA1-467B-4B70-9341-E04C10BACEDD}"
EndProject
Project("{8BC9CEB8-8B4A-11D0-8D11-00A0C91BC942}") = "texturesLab11", "texturesLab11\bachmaerLab11.vcxproj", "{7B474A00-73E5-4BC7-9FA2-F46DF16F8768}"
EndProject
Global
	GlobalSection(SubversionScc) = preSolution
		Svn-Managed = True
		Manager = AnkhSVN - Subversion Support for Visual Studio
	EndGlobalSection
	GlobalSection(SolutionConfigurationPlatforms) = preSolution
		Debug|Win32 = Debug|Win32
		Release|Win32 = Release|Win32
	EndGlobalSection
	GlobalSection(ProjectConfigurationPlatforms) = postSolution
		{56771AA1-467B-4B70-9341-E04C10BACEDD}.Debug|Win32.ActiveCfg = Debug|Win32
		{56771AA1-467B-4B70-9341-E04C10BACEDD}.Debug|Win32.Build.0 = Debug|Win32
		{56771AA1-467B-4B70-9341-E04C10BACEDD}.Release|Win32.ActiveCfg = Release|Win32
		{56771AA1-467B-4B70-9341-E04C10BACEDD}.Release|Win32.Build.0 = Release|Win32
		{7B474A00-73E5-4BC7-9FA2-F46DF16F8768}.Debug|Win32.ActiveCfg = Debug|Win32
		{7B474A00-73E5-4BC7-9FA2-F46DF16F8768}.Debug|Win32.Build.0 = Debug|Win32
		{7B474A00-73E5-4BC7-9FA2-F46DF16F8768}.Release|Win32.ActiveCfg = Release|Win32
		{7B474A00-73E5-4BC7-9FA2-F46DF16F8768}.Release|Win32.Build.0 = Release|Win32
	EndGlobalSection
	GlobalSection(SolutionProperties) = preSolution
		HideSolutionNode = FALSE
	EndGlobalSection
EndGlobal
